
Microsoft Visual Studio Solution File, Format Version 12.00
# Visual Studio Version 16
VisualStudioVersion = 16.0.29418.71
MinimumVisualStudioVersion = 10.0.40219.1
Project("{9A19103F-16F7-4668-BE54-9A1E7A4F7556}") = "InitModule", "InitModule\InitModule.csproj", "{9C8CF331-2370-4256-9C53-8D07C31EFD0E}"
EndProject
Project("{9A19103F-16F7-4668-BE54-9A1E7A4F7556}") = "Twelve", "Twelve\Twelve.csproj", "{A65BE110-94AA-4B8D-91F8-067620E87CD5}"
EndProject
Project("{9A19103F-16F7-4668-BE54-9A1E7A4F7556}") = "Eleven", "Eleven\Eleven.csproj", "{91717F1C-019F-4416-9EA5-1707F4329F98}"
EndProject
Project("{9A19103F-16F7-4668-BE54-9A1E7A4F7556}") = "KMS.Twelve", "KMS.Twelve\KMS.Twelve.csproj", "{CCCE8142-C0B9-41D6-9C9A-E5CA8EA57BC8}"
EndProject
Project("{9A19103F-16F7-4668-BE54-9A1E7A4F7556}") = "KMS.Eleven", "KMS.Eleven\KMS.Eleven.csproj", "{25BB9648-48A1-4BC1-AAE0-8A284093EF21}"
EndProject
Project("{9A19103F-16F7-4668-BE54-9A1E7A4F7556}") = "NotNullTest", "NotNullTest\NotNullTest.csproj", "{1E0272AA-A3C9-476D-B3CF-909426BBF747}"
EndProject
Project("{2150E333-8FDC-42A3-9474-1A3956D46DE8}") = "Doc", "Doc", "{67288B90-CC1C-48A4-A8FA-FD64E625ADDD}"
	ProjectSection(SolutionItems) = preProject
		Aoto.md = Aoto.md
	EndProjectSection
EndProject
Project("{9A19103F-16F7-4668-BE54-9A1E7A4F7556}") = "KMS.CMD", "KMS.CMD\KMS.CMD.csproj", "{D59D4E3B-AB1C-4D7A-942A-01F776A86679}"
EndProject
Project("{2150E333-8FDC-42A3-9474-1A3956D46DE8}") = "DDDOC", "DDDOC", "{56B76131-4839-47D4-8FA6-B6FCCEA2929E}"
EndProject
Project("{2150E333-8FDC-42A3-9474-1A3956D46DE8}") = "Test", "Test", "{8C7E1288-51D8-4A71-859D-1A860371865F}"
	ProjectSection(SolutionItems) = preProject
		ReadMe.md = ReadMe.md
	EndProjectSection
EndProject
Project("{9A19103F-16F7-4668-BE54-9A1E7A4F7556}") = "Animal", "Animal\Animal.csproj", "{5A5FAFBB-E6C8-4443-9951-185FEBBBC991}"
EndProject
Project("{FAE04EC0-301F-11D3-BF4B-00C04F79EFBC}") = "TypeDemo", "TypeDemo\TypeDemo.csproj", "{B19114D1-840B-4192-B478-30AD92375817}"
EndProject
Global
	GlobalSection(SolutionConfigurationPlatforms) = preSolution
		Debug|Any CPU = Debug|Any CPU
		Release|Any CPU = Release|Any CPU
	EndGlobalSection
	GlobalSection(ProjectConfigurationPlatforms) = postSolution
		{9C8CF331-2370-4256-9C53-8D07C31EFD0E}.Debug|Any CPU.ActiveCfg = Debug|Any CPU
		{9C8CF331-2370-4256-9C53-8D07C31EFD0E}.Debug|Any CPU.Build.0 = Debug|Any CPU
		{9C8CF331-2370-4256-9C53-8D07C31EFD0E}.Release|Any CPU.ActiveCfg = Release|Any CPU
		{9C8CF331-2370-4256-9C53-8D07C31EFD0E}.Release|Any CPU.Build.0 = Release|Any CPU
		{A65BE110-94AA-4B8D-91F8-067620E87CD5}.Debug|Any CPU.ActiveCfg = Debug|Any CPU
		{A65BE110-94AA-4B8D-91F8-067620E87CD5}.Debug|Any CPU.Build.0 = Debug|Any CPU
		{A65BE110-94AA-4B8D-91F8-067620E87CD5}.Release|Any CPU.ActiveCfg = Release|Any CPU
		{A65BE110-94AA-4B8D-91F8-067620E87CD5}.Release|Any CPU.Build.0 = Release|Any CPU
		{91717F1C-019F-4416-9EA5-1707F4329F98}.Debug|Any CPU.ActiveCfg = Debug|Any CPU
		{91717F1C-019F-4416-9EA5-1707F4329F98}.Debug|Any CPU.Build.0 = Debug|Any CPU
		{91717F1C-019F-4416-9EA5-1707F4329F98}.Release|Any CPU.ActiveCfg = Release|Any CPU
		{91717F1C-019F-4416-9EA5-1707F4329F98}.Release|Any CPU.Build.0 = Release|Any CPU
		{CCCE8142-C0B9-41D6-9C9A-E5CA8EA57BC8}.Debug|Any CPU.ActiveCfg = Debug|Any CPU
		{CCCE8142-C0B9-41D6-9C9A-E5CA8EA57BC8}.Debug|Any CPU.Build.0 = Debug|Any CPU
		{CCCE8142-C0B9-41D6-9C9A-E5CA8EA57BC8}.Release|Any CPU.ActiveCfg = Release|Any CPU
		{CCCE8142-C0B9-41D6-9C9A-E5CA8EA57BC8}.Release|Any CPU.Build.0 = Release|Any CPU
		{25BB9648-48A1-4BC1-AAE0-8A284093EF21}.Debug|Any CPU.ActiveCfg = Debug|Any CPU
		{25BB9648-48A1-4BC1-AAE0-8A284093EF21}.Debug|Any CPU.Build.0 = Debug|Any CPU
		{25BB9648-48A1-4BC1-AAE0-8A284093EF21}.Release|Any CPU.ActiveCfg = Release|Any CPU
		{25BB9648-48A1-4BC1-AAE0-8A284093EF21}.Release|Any CPU.Build.0 = Release|Any CPU
		{1E0272AA-A3C9-476D-B3CF-909426BBF747}.Debug|Any CPU.ActiveCfg = Debug|Any CPU
		{1E0272AA-A3C9-476D-B3CF-909426BBF747}.Debug|Any CPU.Build.0 = Debug|Any CPU
		{1E0272AA-A3C9-476D-B3CF-909426BBF747}.Release|Any CPU.ActiveCfg = Release|Any CPU
		{1E0272AA-A3C9-476D-B3CF-909426BBF747}.Release|Any CPU.Build.0 = Release|Any CPU
		{D59D4E3B-AB1C-4D7A-942A-01F776A86679}.Debug|Any CPU.ActiveCfg = Debug|Any CPU
		{D59D4E3B-AB1C-4D7A-942A-01F776A86679}.Debug|Any CPU.Build.0 = Debug|Any CPU
		{D59D4E3B-AB1C-4D7A-942A-01F776A86679}.Release|Any CPU.ActiveCfg = Release|Any CPU
		{D59D4E3B-AB1C-4D7A-942A-01F776A86679}.Release|Any CPU.Build.0 = Release|Any CPU
		{5A5FAFBB-E6C8-4443-9951-185FEBBBC991}.Debug|Any CPU.ActiveCfg = Debug|Any CPU
		{5A5FAFBB-E6C8-4443-9951-185FEBBBC991}.Debug|Any CPU.Build.0 = Debug|Any CPU
		{5A5FAFBB-E6C8-4443-9951-185FEBBBC991}.Release|Any CPU.ActiveCfg = Release|Any CPU
		{5A5FAFBB-E6C8-4443-9951-185FEBBBC991}.Release|Any CPU.Build.0 = Release|Any CPU
		{B19114D1-840B-4192-B478-30AD92375817}.Debug|Any CPU.ActiveCfg = Debug|Any CPU
		{B19114D1-840B-4192-B478-30AD92375817}.Debug|Any CPU.Build.0 = Debug|Any CPU
		{B19114D1-840B-4192-B478-30AD92375817}.Release|Any CPU.ActiveCfg = Release|Any CPU
		{B19114D1-840B-4192-B478-30AD92375817}.Release|Any CPU.Build.0 = Release|Any CPU
	EndGlobalSection
	GlobalSection(SolutionProperties) = preSolution
		HideSolutionNode = FALSE
	EndGlobalSection
	GlobalSection(NestedProjects) = preSolution
		{9C8CF331-2370-4256-9C53-8D07C31EFD0E} = {8C7E1288-51D8-4A71-859D-1A860371865F}
		{A65BE110-94AA-4B8D-91F8-067620E87CD5} = {8C7E1288-51D8-4A71-859D-1A860371865F}
		{91717F1C-019F-4416-9EA5-1707F4329F98} = {8C7E1288-51D8-4A71-859D-1A860371865F}
		{CCCE8142-C0B9-41D6-9C9A-E5CA8EA57BC8} = {8C7E1288-51D8-4A71-859D-1A860371865F}
		{25BB9648-48A1-4BC1-AAE0-8A284093EF21} = {8C7E1288-51D8-4A71-859D-1A860371865F}
		{1E0272AA-A3C9-476D-B3CF-909426BBF747} = {8C7E1288-51D8-4A71-859D-1A860371865F}
		{D59D4E3B-AB1C-4D7A-942A-01F776A86679} = {67288B90-CC1C-48A4-A8FA-FD64E625ADDD}
		{56B76131-4839-47D4-8FA6-B6FCCEA2929E} = {67288B90-CC1C-48A4-A8FA-FD64E625ADDD}
		{5A5FAFBB-E6C8-4443-9951-185FEBBBC991} = {8C7E1288-51D8-4A71-859D-1A860371865F}
		{B19114D1-840B-4192-B478-30AD92375817} = {8C7E1288-51D8-4A71-859D-1A860371865F}
	EndGlobalSection
	GlobalSection(ExtensibilityGlobals) = postSolution
		SolutionGuid = {092DF2F1-5C53-480D-A2BA-32EA80957C3A}
	EndGlobalSection
EndGlobal
